
Microsoft Visual Studio Solution File, Format Version 12.00
# Visual Studio Version 16
VisualStudioVersion = 16.0.29613.14
MinimumVisualStudioVersion = 10.0.40219.1
Project("{FAE04EC0-301F-11D3-BF4B-00C04F79EFBC}") = "teste", "teste\teste.csproj", "{B3596B77-51D5-41B7-A6E6-90D74C3B9F46}"
EndProject
Global
	GlobalSection(SolutionConfigurationPlatforms) = preSolution
		Debug|Any CPU = Debug|Any CPU
		Release|Any CPU = Release|Any CPU
	EndGlobalSection
	GlobalSection(ProjectConfigurationPlatforms) = postSolution
		{B3596B77-51D5-41B7-A6E6-90D74C3B9F46}.Debug|Any CPU.ActiveCfg = Debug|Any CPU
		{B3596B77-51D5-41B7-A6E6-90D74C3B9F46}.Debug|Any CPU.Build.0 = Debug|Any CPU
		{B3596B77-51D5-41B7-A6E6-90D74C3B9F46}.Release|Any CPU.ActiveCfg = Release|Any CPU
		{B3596B77-51D5-41B7-A6E6-90D74C3B9F46}.Release|Any CPU.Build.0 = Release|Any CPU
	EndGlobalSection
	GlobalSection(SolutionProperties) = preSolution
		HideSolutionNode = FALSE
	EndGlobalSection
	GlobalSection(ExtensibilityGlobals) = postSolution
		SolutionGuid = {C54BD0C5-2132-4425-8657-79FB1EB90AFD}
	EndGlobalSection
EndGlobal
